
Microsoft Visual Studio Solution File, Format Version 12.00
# Visual Studio Version 17
VisualStudioVersion = 17.4.33103.184
MinimumVisualStudioVersion = 10.0.40219.1
Project("{FAE04EC0-301F-11D3-BF4B-00C04F79EFBC}") = "DapperExercise", "DapperExercise\DapperExercise.csproj", "{F95DF913-720A-4575-88C5-D5C92A615E3B}"
EndProject
Global
	GlobalSection(SolutionConfigurationPlatforms) = preSolution
		Debug|Any CPU = Debug|Any CPU
		Release|Any CPU = Release|Any CPU
	EndGlobalSection
	GlobalSection(ProjectConfigurationPlatforms) = postSolution
		{F95DF913-720A-4575-88C5-D5C92A615E3B}.Debug|Any CPU.ActiveCfg = Debug|Any CPU
		{F95DF913-720A-4575-88C5-D5C92A615E3B}.Debug|Any CPU.Build.0 = Debug|Any CPU
		{F95DF913-720A-4575-88C5-D5C92A615E3B}.Release|Any CPU.ActiveCfg = Release|Any CPU
		{F95DF913-720A-4575-88C5-D5C92A615E3B}.Release|Any CPU.Build.0 = Release|Any CPU
	EndGlobalSection
	GlobalSection(SolutionProperties) = preSolution
		HideSolutionNode = FALSE
	EndGlobalSection
	GlobalSection(ExtensibilityGlobals) = postSolution
		SolutionGuid = {BC5841B8-CBA4-4F66-BC38-859CC3455831}
	EndGlobalSection
EndGlobal
